
Microsoft Visual Studio Solution File, Format Version 12.00
# Visual Studio Version 17
VisualStudioVersion = 17.2.32630.192
MinimumVisualStudioVersion = 10.0.40219.1
Project("{2150E333-8FDC-42A3-9474-1A3956D46DE8}") = "VersionControl", "VersionControl", "{5D937B1B-F045-45DB-8B0F-C1AD9693E8A3}"
	ProjectSection(SolutionItems) = preProject
		Branching_Exercise_1.txt = Branching_Exercise_1.txt
	EndProjectSection
EndProject
Project("{9A19103F-16F7-4668-BE54-9A1E7A4F7556}") = "lommeregner", "lommeregner\lommeregner.csproj", "{030395E8-AB1C-468B-AEEF-028081401C31}"
EndProject
Project("{2150E333-8FDC-42A3-9474-1A3956D46DE8}") = "Jim", "Jim", "{D5081C23-CF09-4E91-9AF2-0C35D217B4D6}"
	ProjectSection(SolutionItems) = preProject
		Branch_Exercise_5_Jim.txt = Branch_Exercise_5_Jim.txt
		Documentation_Exercise_1_Jim.txt = Documentation_Exercise_1_Jim.txt
	EndProjectSection
EndProject
Project("{2150E333-8FDC-42A3-9474-1A3956D46DE8}") = "Daniel", "Daniel", "{5AE2659E-BFCF-40B3-98C6-6F6CC2BF9CA2}"
	ProjectSection(SolutionItems) = preProject
		Branch_Exercise_5_Daniel.txt = Branch_Exercise_5_Daniel.txt
		Documentation_Exercise_1_Daniel.txt = Documentation_Exercise_1_Daniel.txt
	EndProjectSection
EndProject
Project("{2150E333-8FDC-42A3-9474-1A3956D46DE8}") = "Solution Items", "Solution Items", "{2EAB9E45-B21D-40A5-9866-B78EB6DA9269}"
	ProjectSection(SolutionItems) = preProject
		.editorconfig = .editorconfig
		Documentation_Exercise 1 - Group.txt = Documentation_Exercise 1 - Group.txt
	EndProjectSection
EndProject
Project("{9A19103F-16F7-4668-BE54-9A1E7A4F7556}") = "GPOpgaver", "Daniel\GPOpgaver\GPOpgaver\GPOpgaver.csproj", "{48ED4553-37E1-4805-9DB8-E59EAF936E6F}"
EndProject
Project("{9A19103F-16F7-4668-BE54-9A1E7A4F7556}") = "CleanCodeExersises", "Daniel\CleanCodeExersises\CleanCodeExersises\CleanCodeExersises.csproj", "{6CE8E1EF-6A09-445D-B9D9-4C4A91DE06E2}"
EndProject
Project("{9A19103F-16F7-4668-BE54-9A1E7A4F7556}") = "XUnitTestGPOpgaver", "Daniel\GPOpgaver\XUnitTestGPOpgaver\XUnitTestGPOpgaver.csproj", "{7422AC00-396A-45C6-9F7C-639AFEB522F7}"
EndProject
Project("{9A19103F-16F7-4668-BE54-9A1E7A4F7556}") = "DataTypeDesc", "DataTypeDesc\DataTypeDesc.csproj", "{CCCFAE4C-747B-4E4D-8077-34E2239E6505}"
EndProject
Project("{9A19103F-16F7-4668-BE54-9A1E7A4F7556}") = "QuickSort", "QuickSort\QuickSort.csproj", "{91F1938C-4F2F-4FD5-BE13-8D8BF4C14904}"
EndProject
Project("{FAE04EC0-301F-11D3-BF4B-00C04F79EFBC}") = "XUnitTestQuickSort", "XUnitTestQuickSort\XUnitTestQuickSort.csproj", "{653ED217-0870-4988-90F6-C5C92E6AAE2F}"
EndProject
Global
	GlobalSection(SolutionConfigurationPlatforms) = preSolution
		Debug|Any CPU = Debug|Any CPU
		Release|Any CPU = Release|Any CPU
	EndGlobalSection
	GlobalSection(ProjectConfigurationPlatforms) = postSolution
		{030395E8-AB1C-468B-AEEF-028081401C31}.Debug|Any CPU.ActiveCfg = Debug|Any CPU
		{030395E8-AB1C-468B-AEEF-028081401C31}.Debug|Any CPU.Build.0 = Debug|Any CPU
		{030395E8-AB1C-468B-AEEF-028081401C31}.Release|Any CPU.ActiveCfg = Release|Any CPU
		{030395E8-AB1C-468B-AEEF-028081401C31}.Release|Any CPU.Build.0 = Release|Any CPU
		{48ED4553-37E1-4805-9DB8-E59EAF936E6F}.Debug|Any CPU.ActiveCfg = Debug|Any CPU
		{48ED4553-37E1-4805-9DB8-E59EAF936E6F}.Debug|Any CPU.Build.0 = Debug|Any CPU
		{48ED4553-37E1-4805-9DB8-E59EAF936E6F}.Release|Any CPU.ActiveCfg = Release|Any CPU
		{48ED4553-37E1-4805-9DB8-E59EAF936E6F}.Release|Any CPU.Build.0 = Release|Any CPU
		{6CE8E1EF-6A09-445D-B9D9-4C4A91DE06E2}.Debug|Any CPU.ActiveCfg = Debug|Any CPU
		{6CE8E1EF-6A09-445D-B9D9-4C4A91DE06E2}.Debug|Any CPU.Build.0 = Debug|Any CPU
		{6CE8E1EF-6A09-445D-B9D9-4C4A91DE06E2}.Release|Any CPU.ActiveCfg = Release|Any CPU
		{6CE8E1EF-6A09-445D-B9D9-4C4A91DE06E2}.Release|Any CPU.Build.0 = Release|Any CPU
		{7422AC00-396A-45C6-9F7C-639AFEB522F7}.Debug|Any CPU.ActiveCfg = Debug|Any CPU
		{7422AC00-396A-45C6-9F7C-639AFEB522F7}.Debug|Any CPU.Build.0 = Debug|Any CPU
		{7422AC00-396A-45C6-9F7C-639AFEB522F7}.Release|Any CPU.ActiveCfg = Release|Any CPU
		{7422AC00-396A-45C6-9F7C-639AFEB522F7}.Release|Any CPU.Build.0 = Release|Any CPU
		{CCCFAE4C-747B-4E4D-8077-34E2239E6505}.Debug|Any CPU.ActiveCfg = Debug|Any CPU
		{CCCFAE4C-747B-4E4D-8077-34E2239E6505}.Debug|Any CPU.Build.0 = Debug|Any CPU
		{CCCFAE4C-747B-4E4D-8077-34E2239E6505}.Release|Any CPU.ActiveCfg = Release|Any CPU
		{CCCFAE4C-747B-4E4D-8077-34E2239E6505}.Release|Any CPU.Build.0 = Release|Any CPU
		{91F1938C-4F2F-4FD5-BE13-8D8BF4C14904}.Debug|Any CPU.ActiveCfg = Debug|Any CPU
		{91F1938C-4F2F-4FD5-BE13-8D8BF4C14904}.Debug|Any CPU.Build.0 = Debug|Any CPU
		{91F1938C-4F2F-4FD5-BE13-8D8BF4C14904}.Release|Any CPU.ActiveCfg = Release|Any CPU
		{91F1938C-4F2F-4FD5-BE13-8D8BF4C14904}.Release|Any CPU.Build.0 = Release|Any CPU
		{653ED217-0870-4988-90F6-C5C92E6AAE2F}.Debug|Any CPU.ActiveCfg = Debug|Any CPU
		{653ED217-0870-4988-90F6-C5C92E6AAE2F}.Debug|Any CPU.Build.0 = Debug|Any CPU
		{653ED217-0870-4988-90F6-C5C92E6AAE2F}.Release|Any CPU.ActiveCfg = Release|Any CPU
		{653ED217-0870-4988-90F6-C5C92E6AAE2F}.Release|Any CPU.Build.0 = Release|Any CPU
	EndGlobalSection
	GlobalSection(SolutionProperties) = preSolution
		HideSolutionNode = FALSE
	EndGlobalSection
	GlobalSection(NestedProjects) = preSolution
		{48ED4553-37E1-4805-9DB8-E59EAF936E6F} = {5AE2659E-BFCF-40B3-98C6-6F6CC2BF9CA2}
		{6CE8E1EF-6A09-445D-B9D9-4C4A91DE06E2} = {5AE2659E-BFCF-40B3-98C6-6F6CC2BF9CA2}
		{7422AC00-396A-45C6-9F7C-639AFEB522F7} = {5AE2659E-BFCF-40B3-98C6-6F6CC2BF9CA2}
		{CCCFAE4C-747B-4E4D-8077-34E2239E6505} = {5AE2659E-BFCF-40B3-98C6-6F6CC2BF9CA2}
		{91F1938C-4F2F-4FD5-BE13-8D8BF4C14904} = {5AE2659E-BFCF-40B3-98C6-6F6CC2BF9CA2}
		{653ED217-0870-4988-90F6-C5C92E6AAE2F} = {5AE2659E-BFCF-40B3-98C6-6F6CC2BF9CA2}
	EndGlobalSection
	GlobalSection(ExtensibilityGlobals) = postSolution
		SolutionGuid = {26BEC3EA-A069-473D-94AF-203CE2B9680A}
	EndGlobalSection
EndGlobal
